
Microsoft Visual Studio Solution File, Format Version 12.00
Project("{FAE04EC0-301F-11D3-BF4B-00C04F79EFBC}") = "MyStoreBack", "MyStoreBack\MyStoreBack.csproj", "{78A88246-0EC3-496B-902D-2F7E910B9732}"
EndProject
Global
	GlobalSection(SolutionConfigurationPlatforms) = preSolution
		Debug|Any CPU = Debug|Any CPU
		Release|Any CPU = Release|Any CPU
	EndGlobalSection
	GlobalSection(ProjectConfigurationPlatforms) = postSolution
		{78A88246-0EC3-496B-902D-2F7E910B9732}.Debug|Any CPU.ActiveCfg = Debug|Any CPU
		{78A88246-0EC3-496B-902D-2F7E910B9732}.Debug|Any CPU.Build.0 = Debug|Any CPU
		{78A88246-0EC3-496B-902D-2F7E910B9732}.Release|Any CPU.ActiveCfg = Release|Any CPU
		{78A88246-0EC3-496B-902D-2F7E910B9732}.Release|Any CPU.Build.0 = Release|Any CPU
	EndGlobalSection
EndGlobal
